{
  "version": 4,
  "terraform_version": "1.15.5",
  "serial": 192,
  "lineage": "44f21e9f-8186-caa2-b4a6-7c48d5330d89",
  "outputs": {
    "asg_name": {
      "value": "hantt-main-vpc-nginx-asg",
      "type": "string"
    },
    "internet_gateway_id": {
      "value": "igw-0e51d32e3c9067f6b",
      "type": "string"
    },
    "nlb_arn": {
      "value": "arn:aws:elasticloadbalancing:ap-southeast-6:996992102979:loadbalancer/net/hantt-main-vpc-nlb/e4bc246b4bbb994b",
      "type": "string"
    },
    "nlb_dns_name": {
      "value": "hantt-main-vpc-nlb-e4bc246b4bbb994b.elb.ap-southeast-6.amazonaws.com",
      "type": "string"
    },
    "private_subnet_a_id": {
      "value": "subnet-01b3a3038cb251ca9",
      "type": "string"
    },
    "private_subnet_b_id": {
      "value": "subnet-08b6beb8f7dc1fae0",
      "type": "string"
    },
    "public_subnet_a_id": {
      "value": "subnet-0a65ed10308e374f8",
      "type": "string"
    },
    "public_subnet_b_id": {
      "value": "subnet-041b76f7982de9961",
      "type": "string"
    },
    "vpc_cidr": {
      "value": "10.0.0.0/16",
      "type": "string"
    },
    "vpc_id": {
      "value": "vpc-040d8a184db39e4d1",
      "type": "string"
    }
  },
  "resources": [
    {
      "mode": "data",
      "type": "aws_availability_zones",
      "name": "available",
      "provider": "provider[\"registry.terraform.io/hashicorp/aws\"]",
      "instances": [
        {
          "schema_version": 0,
          "attributes": {
            "all_availability_zones": null,
            "exclude_names": null,
            "exclude_zone_ids": null,
            "filter": null,
            "group_names": [
              "ap-southeast-6-zg-1"
            ],
            "id": "ap-southeast-6",
            "names": [
              "ap-southeast-6a",
              "ap-southeast-6b",
              "ap-southeast-6c"
            ],
            "state": "available",
            "timeouts": null,
            "zone_ids": [
              "apse6-az1",
              "apse6-az2",
              "apse6-az3"
            ]
          },
          "sensitive_attributes": [],
          "identity_schema_version": 0
        }
      ]
    },
    {
      "mode": "managed",
      "type": "aws_autoscaling_group",
      "name": "nginx",
      "provider": "provider[\"registry.terraform.io/hashicorp/aws\"]",
      "instances": [
        {
          "schema_version": 1,
          "attributes": {
            "arn": "arn:aws:autoscaling:ap-southeast-6:996992102979:autoScalingGroup:03f1f0a3-a4f1-4a11-9a1e-6cb888e7e9b6:autoScalingGroupName/hantt-main-vpc-nginx-asg",
            "availability_zone_distribution": [
              {
                "capacity_distribution_strategy": "balanced-best-effort"
              }
            ],
            "availability_zones": [
              "ap-southeast-6a",
              "ap-southeast-6b"
            ],
            "capacity_rebalance": false,
            "capacity_reservation_specification": [
              {
                "capacity_reservation_preference": "default",
                "capacity_reservation_target": []
              }
            ],
            "context": "",
            "default_cooldown": 300,
            "default_instance_warmup": 0,
            "desired_capacity": 1,
            "desired_capacity_type": "",
            "enabled_metrics": null,
            "force_delete": false,
            "force_delete_warm_pool": false,
            "health_check_grace_period": 300,
            "health_check_type": "ELB",
            "id": "hantt-main-vpc-nginx-asg",
            "ignore_failed_scaling_activities": false,
            "initial_lifecycle_hook": [],
            "instance_maintenance_policy": [],
            "instance_refresh": [],
            "launch_configuration": "",
            "launch_template": [
              {
                "id": "lt-0f423c7b690523801",
                "name": "hantt-main-vpc-nginx-20260608092212407300000005",
                "version": "$Latest"
              }
            ],
            "load_balancers": [],
            "max_instance_lifetime": 0,
            "max_size": 2,
            "metrics_granularity": "1Minute",
            "min_elb_capacity": null,
            "min_size": 1,
            "mixed_instances_policy": [],
            "name": "hantt-main-vpc-nginx-asg",
            "name_prefix": "",
            "placement_group": "",
            "predicted_capacity": 0,
            "protect_from_scale_in": false,
            "service_linked_role_arn": "arn:aws:iam::996992102979:role/aws-service-role/autoscaling.amazonaws.com/AWSServiceRoleForAutoScaling",
            "suspended_processes": null,
            "tag": [
              {
                "key": "Environment",
                "propagate_at_launch": true,
                "value": "dev"
              },
              {
                "key": "Name",
                "propagate_at_launch": true,
                "value": "hantt-main-vpc-nginx"
              }
            ],
            "target_group_arns": [
              "arn:aws:elasticloadbalancing:ap-southeast-6:996992102979:targetgroup/hantt-main-vpc-tg-443/28a8aefbfdd1e15a"
            ],
            "termination_policies": null,
            "timeouts": null,
            "traffic_source": [
              {
                "identifier": "arn:aws:elasticloadbalancing:ap-southeast-6:996992102979:targetgroup/hantt-main-vpc-tg-443/28a8aefbfdd1e15a",
                "type": "elbv2"
              }
            ],
            "vpc_zone_identifier": [
              "subnet-01b3a3038cb251ca9",
              "subnet-08b6beb8f7dc1fae0"
            ],
            "wait_for_capacity_timeout": "10m",
            "wait_for_elb_capacity": null,
            "warm_pool": [],
            "warm_pool_size": 0
          },
          "sensitive_attributes": [],
          "identity_schema_version": 0,
          "private": "eyJlMmJmYjczMC1lY2FhLTExZTYtOGY4OC0zNDM2M2JjN2M0YzAiOnsiZGVsZXRlIjo2MDAwMDAwMDAwMDAsInVwZGF0ZSI6NjAwMDAwMDAwMDAwfSwic2NoZW1hX3ZlcnNpb24iOiIxIn0=",
          "dependencies": [
            "aws_iam_instance_profile.nginx_vm",
            "aws_iam_role.nginx_vm",
            "aws_launch_template.nginx",
            "aws_lb_target_group.https",
            "aws_security_group.nlb",
            "aws_security_group.private_vm",
            "aws_subnet.private_a",
            "aws_subnet.private_b",
            "aws_vpc.main",
            "data.aws_availability_zones.available"
          ]
        }
      ]
    },
    {
      "mode": "managed",
      "type": "aws_autoscaling_group",
      "name": "nginx_linux",
      "provider": "provider[\"registry.terraform.io/hashicorp/aws\"]",
      "instances": [
        {
          "schema_version": 1,
          "attributes": {
            "arn": "arn:aws:autoscaling:ap-southeast-6:996992102979:autoScalingGroup:157507fc-1032-426e-a28d-d0c3986b1a48:autoScalingGroupName/hantt-main-vpc-nginx-linux-asg",
            "availability_zone_distribution": [
              {
                "capacity_distribution_strategy": "balanced-best-effort"
              }
            ],
            "availability_zones": [
              "ap-southeast-6a",
              "ap-southeast-6b"
            ],
            "capacity_rebalance": false,
            "capacity_reservation_specification": [
              {
                "capacity_reservation_preference": "default",
                "capacity_reservation_target": []
              }
            ],
            "context": "",
            "default_cooldown": 300,
            "default_instance_warmup": 0,
            "desired_capacity": 1,
            "desired_capacity_type": "",
            "enabled_metrics": null,
            "force_delete": false,
            "force_delete_warm_pool": false,
            "health_check_grace_period": 300,
            "health_check_type": "ELB",
            "id": "hantt-main-vpc-nginx-linux-asg",
            "ignore_failed_scaling_activities": false,
            "initial_lifecycle_hook": [],
            "instance_maintenance_policy": [],
            "instance_refresh": [],
            "launch_configuration": "",
            "launch_template": [
              {
                "id": "lt-06a90e0f580dbdb25",
                "name": "hantt-main-vpc-nginx-linux-20260608092212419600000007",
                "version": "$Latest"
              }
            ],
            "load_balancers": [],
            "max_instance_lifetime": 0,
            "max_size": 1,
            "metrics_granularity": "1Minute",
            "min_elb_capacity": null,
            "min_size": 1,
            "mixed_instances_policy": [],
            "name": "hantt-main-vpc-nginx-linux-asg",
            "name_prefix": "",
            "placement_group": "",
            "predicted_capacity": 0,
            "protect_from_scale_in": false,
            "service_linked_role_arn": "arn:aws:iam::996992102979:role/aws-service-role/autoscaling.amazonaws.com/AWSServiceRoleForAutoScaling",
            "suspended_processes": null,
            "tag": [
              {
                "key": "Environment",
                "propagate_at_launch": true,
                "value": "dev"
              },
              {
                "key": "Name",
                "propagate_at_launch": true,
                "value": "hantt-main-vpc-nginx-linux"
              }
            ],
            "target_group_arns": [
              "arn:aws:elasticloadbalancing:ap-southeast-6:996992102979:targetgroup/hantt-main-vpc-tg-443/28a8aefbfdd1e15a"
            ],
            "termination_policies": null,
            "timeouts": null,
            "traffic_source": [
              {
                "identifier": "arn:aws:elasticloadbalancing:ap-southeast-6:996992102979:targetgroup/hantt-main-vpc-tg-443/28a8aefbfdd1e15a",
                "type": "elbv2"
              }
            ],
            "vpc_zone_identifier": [
              "subnet-01b3a3038cb251ca9",
              "subnet-08b6beb8f7dc1fae0"
            ],
            "wait_for_capacity_timeout": "10m",
            "wait_for_elb_capacity": null,
            "warm_pool": [],
            "warm_pool_size": 0
          },
          "sensitive_attributes": [],
          "identity_schema_version": 0,
          "private": "eyJlMmJmYjczMC1lY2FhLTExZTYtOGY4OC0zNDM2M2JjN2M0YzAiOnsiZGVsZXRlIjo2MDAwMDAwMDAwMDAsInVwZGF0ZSI6NjAwMDAwMDAwMDAwfSwic2NoZW1hX3ZlcnNpb24iOiIxIn0=",
          "dependencies": [
            "aws_iam_instance_profile.nginx_vm",
            "aws_iam_role.nginx_vm",
            "aws_launch_template.nginx_linux",
            "aws_lb_target_group.https",
            "aws_security_group.nlb",
            "aws_security_group.private_vm",
            "aws_subnet.private_a",
            "aws_subnet.private_b",
            "aws_vpc.main",
            "data.aws_availability_zones.available"
          ]
        }
      ]
    },
    {
      "mode": "managed",
      "type": "aws_autoscaling_policy",
      "name": "scale_out",
      "provider": "provider[\"registry.terraform.io/hashicorp/aws\"]",
      "instances": [
        {
          "schema_version": 0,
          "attributes": {
            "adjustment_type": "",
            "arn": "arn:aws:autoscaling:ap-southeast-6:996992102979:scalingPolicy:7248c7ea-ac54-4b05-841c-96d9d9017a5a:autoScalingGroupName/hantt-main-vpc-nginx-asg:policyName/hantt-main-vpc-scale-out",
            "autoscaling_group_name": "hantt-main-vpc-nginx-asg",
            "cooldown": 0,
            "enabled": true,
            "estimated_instance_warmup": 0,
            "id": "hantt-main-vpc-scale-out",
            "metric_aggregation_type": "",
            "min_adjustment_magnitude": 0,
            "name": "hantt-main-vpc-scale-out",
            "policy_type": "TargetTrackingScaling",
            "predictive_scaling_configuration": [],
            "scaling_adjustment": 0,
            "step_adjustment": [],
            "target_tracking_configuration": [
              {
                "customized_metric_specification": [],
                "disable_scale_in": false,
                "predefined_metric_specification": [
                  {
                    "predefined_metric_type": "ASGAverageCPUUtilization",
                    "resource_label": ""
                  }
                ],
                "target_value": 70
              }
            ]
          },
          "sensitive_attributes": [],
          "identity_schema_version": 0,
          "private": "bnVsbA==",
          "dependencies": [
            "aws_autoscaling_group.nginx",
            "aws_iam_instance_profile.nginx_vm",
            "aws_iam_role.nginx_vm",
            "aws_launch_template.nginx",
            "aws_lb_target_group.https",
            "aws_security_group.nlb",
            "aws_security_group.private_vm",
            "aws_subnet.private_a",
            "aws_subnet.private_b",
            "aws_vpc.main",
            "data.aws_availability_zones.available"
          ]
        }
      ]
    },
    {
      "mode": "managed",
      "type": "aws_iam_instance_profile",
      "name": "nginx_vm",
      "provider": "provider[\"registry.terraform.io/hashicorp/aws\"]",
      "instances": [
        {
          "schema_version": 0,
          "attributes": {
            "arn": "arn:aws:iam::996992102979:instance-profile/hantt-main-vpc-nginx-vm-profile",
            "create_date": "2026-06-08T09:21:58Z",
            "id": "hantt-main-vpc-nginx-vm-profile",
            "name": "hantt-main-vpc-nginx-vm-profile",
            "name_prefix": "",
            "path": "/",
            "role": "hantt-main-vpc-nginx-vm-role",
            "tags": null,
            "tags_all": {},
            "unique_id": "AIPA6QIK4GJBX2TYVU3X4"
          },
          "sensitive_attributes": [],
          "identity_schema_version": 0,
          "private": "bnVsbA==",
          "dependencies": [
            "aws_iam_role.nginx_vm"
          ],
          "create_before_destroy": true
        }
      ]
    },
    {
      "mode": "managed",
      "type": "aws_iam_role",
      "name": "nginx_vm",
      "provider": "provider[\"registry.terraform.io/hashicorp/aws\"]",
      "instances": [
        {
          "schema_version": 0,
          "attributes": {
            "arn": "arn:aws:iam::996992102979:role/hantt-main-vpc-nginx-vm-role",
            "assume_role_policy": "{\"Statement\":[{\"Action\":\"sts:AssumeRole\",\"Effect\":\"Allow\",\"Principal\":{\"Service\":\"ec2.amazonaws.com\"}}],\"Version\":\"2012-10-17\"}",
            "create_date": "2026-06-08T09:21:56Z",
            "description": "",
            "force_detach_policies": false,
            "id": "hantt-main-vpc-nginx-vm-role",
            "inline_policy": [],
            "managed_policy_arns": [],
            "max_session_duration": 3600,
            "name": "hantt-main-vpc-nginx-vm-role",
            "name_prefix": "",
            "path": "/",
            "permissions_boundary": "",
            "tags": {
              "Environment": "dev",
              "ManagedBy": "terraform",
              "Name": "hantt-main-vpc-nginx-vm-role"
            },
            "tags_all": {
              "Environment": "dev",
              "ManagedBy": "terraform",
              "Name": "hantt-main-vpc-nginx-vm-role"
            },
            "unique_id": "AROA6QIK4GJB2NKYBMKDN"
          },
          "sensitive_attributes": [],
          "identity_schema_version": 0,
          "private": "bnVsbA==",
          "create_before_destroy": true
        }
      ]
    },
    {
      "mode": "managed",
      "type": "aws_iam_role_policy_attachment",
      "name": "nginx_vm_s3_read",
      "provider": "provider[\"registry.terraform.io/hashicorp/aws\"]",
      "instances": [
        {
          "schema_version": 0,
          "attributes": {
            "id": "hantt-main-vpc-nginx-vm-role-20260608092158573700000002",
            "policy_arn": "arn:aws:iam::aws:policy/AmazonS3ReadOnlyAccess",
            "role": "hantt-main-vpc-nginx-vm-role"
          },
          "sensitive_attributes": [],
          "identity_schema_version": 0,
          "private": "bnVsbA==",
          "dependencies": [
            "aws_iam_role.nginx_vm"
          ]
        }
      ]
    },
    {
      "mode": "managed",
      "type": "aws_iam_role_policy_attachment",
      "name": "nginx_vm_ssm",
      "provider": "provider[\"registry.terraform.io/hashicorp/aws\"]",
      "instances": [
        {
          "schema_version": 0,
          "attributes": {
            "id": "hantt-main-vpc-nginx-vm-role-20260608092158254300000001",
            "policy_arn": "arn:aws:iam::aws:policy/AmazonSSMManagedInstanceCore",
            "role": "hantt-main-vpc-nginx-vm-role"
          },
          "sensitive_attributes": [],
          "identity_schema_version": 0,
          "private": "bnVsbA==",
          "dependencies": [
            "aws_iam_role.nginx_vm"
          ]
        }
      ]
    },
    {
      "mode": "managed",
      "type": "aws_internet_gateway",
      "name": "main",
      "provider": "provider[\"registry.terraform.io/hashicorp/aws\"]",
      "instances": [
        {
          "schema_version": 0,
          "attributes": {
            "arn": "arn:aws:ec2:ap-southeast-6:996992102979:internet-gateway/igw-0e51d32e3c9067f6b",
            "id": "igw-0e51d32e3c9067f6b",
            "owner_id": "996992102979",
            "tags": {
              "Environment": "dev",
              "ManagedBy": "terraform",
              "Name": "hantt-main-vpc-igw"
            },
            "tags_all": {
              "Environment": "dev",
              "ManagedBy": "terraform",
              "Name": "hantt-main-vpc-igw"
            },
            "timeouts": null,
            "vpc_id": "vpc-040d8a184db39e4d1"
          },
          "sensitive_attributes": [],
          "identity_schema_version": 0,
          "private": "eyJlMmJmYjczMC1lY2FhLTExZTYtOGY4OC0zNDM2M2JjN2M0YzAiOnsiY3JlYXRlIjoxMjAwMDAwMDAwMDAwLCJkZWxldGUiOjEyMDAwMDAwMDAwMDAsInVwZGF0ZSI6MTIwMDAwMDAwMDAwMH19",
          "dependencies": [
            "aws_vpc.main"
          ]
        }
      ]
    },
    {
      "mode": "managed",
      "type": "aws_launch_template",
      "name": "nginx",
      "provider": "provider[\"registry.terraform.io/hashicorp/aws\"]",
      "instances": [
        {
          "schema_version": 0,
          "attributes": {
            "arn": "arn:aws:ec2:ap-southeast-6:996992102979:launch-template/lt-0f423c7b690523801",
            "block_device_mappings": [
              {
                "device_name": "/dev/xvda",
                "ebs": [
                  {
                    "delete_on_termination": "",
                    "encrypted": "true",
                    "iops": 0,
                    "kms_key_id": "",
                    "snapshot_id": "",
                    "throughput": 0,
                    "volume_initialization_rate": 0,
                    "volume_size": 30,
                    "volume_type": "gp3"
                  }
                ],
                "no_device": "",
                "virtual_name": ""
              }
            ],
            "capacity_reservation_specification": [],
            "cpu_options": [],
            "credit_specification": [],
            "default_version": 1,
            "description": "",
            "disable_api_stop": false,
            "disable_api_termination": false,
            "ebs_optimized": "",
            "elastic_gpu_specifications": [],
            "elastic_inference_accelerator": [],
            "enclave_options": [],
            "hibernation_options": [],
            "iam_instance_profile": [
              {
                "arn": "",
                "name": "hantt-main-vpc-nginx-vm-profile"
              }
            ],
            "id": "lt-0f423c7b690523801",
            "image_id": "ami-03c1519b76d470c78",
            "instance_initiated_shutdown_behavior": "",
            "instance_market_options": [],
            "instance_requirements": [],
            "instance_type": "t3.small",
            "kernel_id": "",
            "key_name": "",
            "latest_version": 1,
            "license_specification": [],
            "maintenance_options": [],
            "metadata_options": [
              {
                "http_endpoint": "",
                "http_protocol_ipv6": "",
                "http_put_response_hop_limit": 2,
                "http_tokens": "required",
                "instance_metadata_tags": ""
              }
            ],
            "monitoring": [],
            "name": "hantt-main-vpc-nginx-20260608092212407300000005",
            "name_prefix": "hantt-main-vpc-nginx-",
            "network_interfaces": [
              {
                "associate_carrier_ip_address": "",
                "associate_public_ip_address": "false",
                "connection_tracking_specification": [],
                "delete_on_termination": "",
                "description": "",
                "device_index": 0,
                "ena_srd_specification": [],
                "interface_type": "",
                "ipv4_address_count": 0,
                "ipv4_addresses": null,
                "ipv4_prefix_count": 0,
                "ipv4_prefixes": null,
                "ipv6_address_count": 0,
                "ipv6_addresses": null,
                "ipv6_prefix_count": 0,
                "ipv6_prefixes": null,
                "network_card_index": 0,
                "network_interface_id": "",
                "primary_ipv6": "",
                "private_ip_address": "",
                "security_groups": [
                  "sg-0b88adbdbb3010a64"
                ],
                "subnet_id": ""
              }
            ],
            "placement": [],
            "private_dns_name_options": [],
            "ram_disk_id": "",
            "security_group_names": null,
            "tag_specifications": [
              {
                "resource_type": "instance",
                "tags": {
                  "Environment": "dev",
                  "ManagedBy": "terraform",
                  "Name": "hantt-main-vpc-nginx-windows"
                }
              }
            ],
            "tags": null,
            "tags_all": {},
            "update_default_version": null,
            "user_data": "ICAgIDxwb3dlcnNoZWxsPgogICAgIyBGZXRjaCBJTURTdjIgdG9rZW4gdGhlbiBwdWxsIGluc3RhbmNlIG1ldGFkYXRhCiAgICAkdG9rZW4gICAgICAgID0gSW52b2tlLVJlc3RNZXRob2QgLU1ldGhvZCBQdXQgYAogICAgICAgICAgICAgICAgICAgICAgLVVyaSAiaHR0cDovLzE2OS4yNTQuMTY5LjI1NC9sYXRlc3QvYXBpL3Rva2VuIiBgCiAgICAgICAgICAgICAgICAgICAgICAtSGVhZGVycyBAeyJYLWF3cy1lYzItbWV0YWRhdGEtdG9rZW4tdHRsLXNlY29uZHMiPSIyMTYwMCJ9CiAgICAkaGRycyAgICAgICAgID0gQHsiWC1hd3MtZWMyLW1ldGFkYXRhLXRva2VuIj0kdG9rZW59CiAgICAkaW5zdGFuY2VJZCAgID0gSW52b2tlLVJlc3RNZXRob2QgLVVyaSAiaHR0cDovLzE2OS4yNTQuMTY5LjI1NC9sYXRlc3QvbWV0YS1kYXRhL2luc3RhbmNlLWlkIiAgICAgICAgICAgICAgICAgICAgLUhlYWRlcnMgJGhkcnMKICAgICRheiAgICAgICAgICAgPSBJbnZva2UtUmVzdE1ldGhvZCAtVXJpICJodHRwOi8vMTY5LjI1NC4xNjkuMjU0L2xhdGVzdC9tZXRhLWRhdGEvcGxhY2VtZW50L2F2YWlsYWJpbGl0eS16b25lIiAgIC1IZWFkZXJzICRoZHJzCiAgICAkbG9jYWxJcCAgICAgID0gSW52b2tlLVJlc3RNZXRob2QgLVVyaSAiaHR0cDovLzE2OS4yNTQuMTY5LjI1NC9sYXRlc3QvbWV0YS1kYXRhL2xvY2FsLWlwdjQiICAgICAgICAgICAgICAgICAgICAtSGVhZGVycyAkaGRycwogICAgJGluc3RhbmNlVHlwZSA9IEludm9rZS1SZXN0TWV0aG9kIC1VcmkgImh0dHA6Ly8xNjkuMjU0LjE2OS4yNTQvbGF0ZXN0L21ldGEtZGF0YS9pbnN0YW5jZS10eXBlIiAgICAgICAgICAgICAgICAgLUhlYWRlcnMgJGhkcnMKICAgICRsYXVuY2hlZCAgICAgPSAoR2V0LURhdGUpLlRvVW5pdmVyc2FsVGltZSgpLlRvU3RyaW5nKCJ5eXl5LU1NLWRkIEhIOm1tOnNzIFVUQyIpCgogICAgIyBMb2NhdGUgQ2hvY29sYXRleSBuZ2lueCBpbnN0YWxsYXRpb24gKGUuZy4gQzpcdG9vbHNcbmdpbngtMS54LngpCiAgICAkbmdpbnhEaXIgPSAoR2V0LUNoaWxkSXRlbSAiQzpcdG9vbHMiIC1GaWx0ZXIgIm5naW54LSoiIC1EaXJlY3RvcnkgLUVycm9yQWN0aW9uIFNpbGVudGx5Q29udGludWUgfAogICAgICAgICAgICAgICAgIFNvcnQtT2JqZWN0IE5hbWUgLURlc2NlbmRpbmcgfCBTZWxlY3QtT2JqZWN0IC1GaXJzdCAxKS5GdWxsTmFtZQogICAgaWYgKC1ub3QgJG5naW54RGlyKSB7ICRuZ2lueERpciA9ICJDOlxuZ2lueCIgfQoKICAgICRodG1sID0gQCIKPCFET0NUWVBFIGh0bWw+CjxodG1sPgo8aGVhZD48dGl0bGU+SGFudHQgSGVsbG8gV29ybGQ8L3RpdGxlPgo8c3R5bGU+CiAgYm9keSB7IGZvbnQtZmFtaWx5OiBtb25vc3BhY2U7IGJhY2tncm91bmQ6ICMwZDExMTc7IGNvbG9yOiAjYzlkMWQ5OyBkaXNwbGF5OiBmbGV4OyBqdXN0aWZ5LWNvbnRlbnQ6IGNlbnRlcjsgYWxpZ24taXRlbXM6IGNlbnRlcjsgbWluLWhlaWdodDogMTAwdmg7IG1hcmdpbjogMDsgfQogIC5jYXJkIHsgYmFja2dyb3VuZDogIzE2MWIyMjsgYm9yZGVyOiAxcHggc29saWQgIzMwMzYzZDsgYm9yZGVyLXJhZGl1czogOHB4OyBwYWRkaW5nOiAycmVtIDNyZW07IG1heC13aWR0aDogNDgwcHg7IH0KICBoMSB7IGNvbG9yOiAjNThhNmZmOyBtYXJnaW4tdG9wOiAwOyB9CiAgLmxhYmVsIHsgY29sb3I6ICM4Yjk0OWU7IGZvbnQtc2l6ZTogMC44NWVtOyB9CiAgLnZhbHVlIHsgY29sb3I6ICNlNmVkZjM7IG1hcmdpbi1ib3R0b206IDAuOHJlbTsgfQo8L3N0eWxlPgo8L2hlYWQ+Cjxib2R5Pgo8ZGl2IGNsYXNzPSJjYXJkIj4KICA8aDE+SGVsbG8gV29ybGQ8L2gxPgogIDxkaXYgY2xhc3M9ImxhYmVsIj5QbGF0Zm9ybTwvZGl2PjxkaXYgY2xhc3M9InZhbHVlIj5XaW5kb3dzIFNlcnZlciAyMDIyPC9kaXY+CiAgPGRpdiBjbGFzcz0ibGFiZWwiPkluc3RhbmNlIElEPC9kaXY+PGRpdiBjbGFzcz0idmFsdWUiPiRpbnN0YW5jZUlkPC9kaXY+CiAgPGRpdiBjbGFzcz0ibGFiZWwiPkF2YWlsYWJpbGl0eSBab25lPC9kaXY+PGRpdiBjbGFzcz0idmFsdWUiPiRhejwvZGl2PgogIDxkaXYgY2xhc3M9ImxhYmVsIj5Qcml2YXRlIElQPC9kaXY+PGRpdiBjbGFzcz0idmFsdWUiPiRsb2NhbElwPC9kaXY+CiAgPGRpdiBjbGFzcz0ibGFiZWwiPkluc3RhbmNlIFR5cGU8L2Rpdj48ZGl2IGNsYXNzPSJ2YWx1ZSI+JGluc3RhbmNlVHlwZTwvZGl2PgogIDxkaXYgY2xhc3M9ImxhYmVsIj5MYXVuY2hlZDwvZGl2PjxkaXYgY2xhc3M9InZhbHVlIj4kbGF1bmNoZWQ8L2Rpdj4KPC9kaXY+CjwvYm9keT4KPC9odG1sPgoiQAoKICAgIFNldC1Db250ZW50IC1QYXRoICIkbmdpbnhEaXJcaHRtbFxpbmRleC5odG1sIiAtVmFsdWUgJGh0bWwgLUVuY29kaW5nIFVURjgKICAgIDwvcG93ZXJzaGVsbD4K",
            "vpc_security_group_ids": null
          },
          "sensitive_attributes": [],
          "identity_schema_version": 0,
          "private": "bnVsbA==",
          "dependencies": [
            "aws_iam_instance_profile.nginx_vm",
            "aws_iam_role.nginx_vm",
            "aws_security_group.nlb",
            "aws_security_group.private_vm",
            "aws_vpc.main"
          ],
          "create_before_destroy": true
        }
      ]
    },
    {
      "mode": "managed",
      "type": "aws_launch_template",
      "name": "nginx_linux",
      "provider": "provider[\"registry.terraform.io/hashicorp/aws\"]",
      "instances": [
        {
          "schema_version": 0,
          "attributes": {
            "arn": "arn:aws:ec2:ap-southeast-6:996992102979:launch-template/lt-06a90e0f580dbdb25",
            "block_device_mappings": [
              {
                "device_name": "/dev/xvda",
                "ebs": [
                  {
                    "delete_on_termination": "",
                    "encrypted": "true",
                    "iops": 0,
                    "kms_key_id": "",
                    "snapshot_id": "",
                    "throughput": 0,
                    "volume_initialization_rate": 0,
                    "volume_size": 30,
                    "volume_type": "gp3"
                  }
                ],
                "no_device": "",
                "virtual_name": ""
              }
            ],
            "capacity_reservation_specification": [],
            "cpu_options": [],
            "credit_specification": [],
            "default_version": 1,
            "description": "",
            "disable_api_stop": false,
            "disable_api_termination": false,
            "ebs_optimized": "",
            "elastic_gpu_specifications": [],
            "elastic_inference_accelerator": [],
            "enclave_options": [],
            "hibernation_options": [],
            "iam_instance_profile": [
              {
                "arn": "",
                "name": "hantt-main-vpc-nginx-vm-profile"
              }
            ],
            "id": "lt-06a90e0f580dbdb25",
            "image_id": "ami-0518e6dd6cb17839d",
            "instance_initiated_shutdown_behavior": "",
            "instance_market_options": [],
            "instance_requirements": [],
            "instance_type": "t3.small",
            "kernel_id": "",
            "key_name": "",
            "latest_version": 1,
            "license_specification": [],
            "maintenance_options": [],
            "metadata_options": [
              {
                "http_endpoint": "",
                "http_protocol_ipv6": "",
                "http_put_response_hop_limit": 2,
                "http_tokens": "required",
                "instance_metadata_tags": ""
              }
            ],
            "monitoring": [],
            "name": "hantt-main-vpc-nginx-linux-20260608092212419600000007",
            "name_prefix": "hantt-main-vpc-nginx-linux-",
            "network_interfaces": [
              {
                "associate_carrier_ip_address": "",
                "associate_public_ip_address": "false",
                "connection_tracking_specification": [],
                "delete_on_termination": "",
                "description": "",
                "device_index": 0,
                "ena_srd_specification": [],
                "interface_type": "",
                "ipv4_address_count": 0,
                "ipv4_addresses": null,
                "ipv4_prefix_count": 0,
                "ipv4_prefixes": null,
                "ipv6_address_count": 0,
                "ipv6_addresses": null,
                "ipv6_prefix_count": 0,
                "ipv6_prefixes": null,
                "network_card_index": 0,
                "network_interface_id": "",
                "primary_ipv6": "",
                "private_ip_address": "",
                "security_groups": [
                  "sg-0b88adbdbb3010a64"
                ],
                "subnet_id": ""
              }
            ],
            "placement": [],
            "private_dns_name_options": [],
            "ram_disk_id": "",
            "security_group_names": null,
            "tag_specifications": [
              {
                "resource_type": "instance",
                "tags": {
                  "Environment": "dev",
                  "ManagedBy": "terraform",
                  "Name": "hantt-main-vpc-nginx-linux"
                }
              }
            ],
            "tags": null,
            "tags_all": {},
            "update_default_version": null,
            "user_data": "IyEvYmluL2Jhc2gKVE9LRU49JChjdXJsIC1zIC1YIFBVVCAiaHR0cDovLzE2OS4yNTQuMTY5LjI1NC9sYXRlc3QvYXBpL3Rva2VuIiBcCiAgLUggIlgtYXdzLWVjMi1tZXRhZGF0YS10b2tlbi10dGwtc2Vjb25kczogMjE2MDAiKQpJTlNUQU5DRV9JRD0kKGN1cmwgLXMgLUggIlgtYXdzLWVjMi1tZXRhZGF0YS10b2tlbjogJFRPS0VOIiBcCiAgaHR0cDovLzE2OS4yNTQuMTY5LjI1NC9sYXRlc3QvbWV0YS1kYXRhL2luc3RhbmNlLWlkKQpBWj0kKGN1cmwgLXMgLUggIlgtYXdzLWVjMi1tZXRhZGF0YS10b2tlbjogJFRPS0VOIiBcCiAgaHR0cDovLzE2OS4yNTQuMTY5LjI1NC9sYXRlc3QvbWV0YS1kYXRhL3BsYWNlbWVudC9hdmFpbGFiaWxpdHktem9uZSkKTE9DQUxfSVA9JChjdXJsIC1zIC1IICJYLWF3cy1lYzItbWV0YWRhdGEtdG9rZW46ICRUT0tFTiIgXAogIGh0dHA6Ly8xNjkuMjU0LjE2OS4yNTQvbGF0ZXN0L21ldGEtZGF0YS9sb2NhbC1pcHY0KQpJTlNUQU5DRV9UWVBFPSQoY3VybCAtcyAtSCAiWC1hd3MtZWMyLW1ldGFkYXRhLXRva2VuOiAkVE9LRU4iIFwKICBodHRwOi8vMTY5LjI1NC4xNjkuMjU0L2xhdGVzdC9tZXRhLWRhdGEvaW5zdGFuY2UtdHlwZSkKTEFVTkNIRUQ9JChkYXRlIC11ICcrJVktJW0tJWQgJUg6JU06JVMgVVRDJykKCmNhdCA+IC91c3Ivc2hhcmUvbmdpbngvaHRtbC9pbmRleC5odG1sIDw8SFRNTAo8IURPQ1RZUEUgaHRtbD4KPGh0bWw+CjxoZWFkPjx0aXRsZT5IYW50dCBIZWxsbyBXb3JsZDwvdGl0bGU+CjxzdHlsZT4KICBib2R5IHsgZm9udC1mYW1pbHk6IG1vbm9zcGFjZTsgYmFja2dyb3VuZDogIzBkMTExNzsgY29sb3I6ICNjOWQxZDk7IGRpc3BsYXk6IGZsZXg7IGp1c3RpZnktY29udGVudDogY2VudGVyOyBhbGlnbi1pdGVtczogY2VudGVyOyBtaW4taGVpZ2h0OiAxMDB2aDsgbWFyZ2luOiAwOyB9CiAgLmNhcmQgeyBiYWNrZ3JvdW5kOiAjMTYxYjIyOyBib3JkZXI6IDFweCBzb2xpZCAjMzAzNjNkOyBib3JkZXItcmFkaXVzOiA4cHg7IHBhZGRpbmc6IDJyZW0gM3JlbTsgbWF4LXdpZHRoOiA0ODBweDsgfQogIGgxIHsgY29sb3I6ICM1OGE2ZmY7IG1hcmdpbi10b3A6IDA7IH0KICAubGFiZWwgeyBjb2xvcjogIzhiOTQ5ZTsgZm9udC1zaXplOiAwLjg1ZW07IH0KICAudmFsdWUgeyBjb2xvcjogI2U2ZWRmMzsgbWFyZ2luLWJvdHRvbTogMC44cmVtOyB9Cjwvc3R5bGU+CjwvaGVhZD4KPGJvZHk+CjxkaXYgY2xhc3M9ImNhcmQiPgogIDxoMT5IZWxsbyBXb3JsZDwvaDE+CiAgPGRpdiBjbGFzcz0ibGFiZWwiPlBsYXRmb3JtPC9kaXY+PGRpdiBjbGFzcz0idmFsdWUiPkFtYXpvbiBMaW51eCAyMDIzPC9kaXY+CiAgPGRpdiBjbGFzcz0ibGFiZWwiPkluc3RhbmNlIElEPC9kaXY+PGRpdiBjbGFzcz0idmFsdWUiPiRJTlNUQU5DRV9JRDwvZGl2PgogIDxkaXYgY2xhc3M9ImxhYmVsIj5BdmFpbGFiaWxpdHkgWm9uZTwvZGl2PjxkaXYgY2xhc3M9InZhbHVlIj4kQVo8L2Rpdj4KICA8ZGl2IGNsYXNzPSJsYWJlbCI+UHJpdmF0ZSBJUDwvZGl2PjxkaXYgY2xhc3M9InZhbHVlIj4kTE9DQUxfSVA8L2Rpdj4KICA8ZGl2IGNsYXNzPSJsYWJlbCI+SW5zdGFuY2UgVHlwZTwvZGl2PjxkaXYgY2xhc3M9InZhbHVlIj4kSU5TVEFOQ0VfVFlQRTwvZGl2PgogIDxkaXYgY2xhc3M9ImxhYmVsIj5MYXVuY2hlZDwvZGl2PjxkaXYgY2xhc3M9InZhbHVlIj4kTEFVTkNIRUQ8L2Rpdj4KPC9kaXY+CjwvYm9keT4KPC9odG1sPgpIVE1MCg==",
            "vpc_security_group_ids": null
          },
          "sensitive_attributes": [],
          "identity_schema_version": 0,
          "private": "bnVsbA==",
          "dependencies": [
            "aws_iam_instance_profile.nginx_vm",
            "aws_iam_role.nginx_vm",
            "aws_security_group.nlb",
            "aws_security_group.private_vm",
            "aws_vpc.main"
          ],
          "create_before_destroy": true
        }
      ]
    },
    {
      "mode": "managed",
      "type": "aws_lb",
      "name": "main",
      "provider": "provider[\"registry.terraform.io/hashicorp/aws\"]",
      "instances": [
        {
          "schema_version": 0,
          "attributes": {
            "access_logs": [
              {
                "bucket": "",
                "enabled": false,
                "prefix": ""
              }
            ],
            "arn": "arn:aws:elasticloadbalancing:ap-southeast-6:996992102979:loadbalancer/net/hantt-main-vpc-nlb/e4bc246b4bbb994b",
            "arn_suffix": "net/hantt-main-vpc-nlb/e4bc246b4bbb994b",
            "client_keep_alive": null,
            "connection_logs": [],
            "customer_owned_ipv4_pool": "",
            "desync_mitigation_mode": null,
            "dns_name": "hantt-main-vpc-nlb-e4bc246b4bbb994b.elb.ap-southeast-6.amazonaws.com",
            "dns_record_client_routing_policy": "any_availability_zone",
            "drop_invalid_header_fields": null,
            "enable_cross_zone_load_balancing": true,
            "enable_deletion_protection": false,
            "enable_http2": null,
            "enable_tls_version_and_cipher_suite_headers": null,
            "enable_waf_fail_open": null,
            "enable_xff_client_port": null,
            "enable_zonal_shift": false,
            "enforce_security_group_inbound_rules_on_private_link_traffic": "",
            "id": "arn:aws:elasticloadbalancing:ap-southeast-6:996992102979:loadbalancer/net/hantt-main-vpc-nlb/e4bc246b4bbb994b",
            "idle_timeout": null,
            "internal": false,
            "ip_address_type": "ipv4",
            "ipam_pools": [],
            "load_balancer_type": "network",
            "minimum_load_balancer_capacity": [],
            "name": "hantt-main-vpc-nlb",
            "name_prefix": "",
            "preserve_host_header": null,
            "security_groups": [
              "sg-0210d7c42b1d4a7eb"
            ],
            "subnet_mapping": [
              {
                "allocation_id": "",
                "ipv6_address": "",
                "outpost_id": "",
                "private_ipv4_address": "",
                "subnet_id": "subnet-041b76f7982de9961"
              },
              {
                "allocation_id": "",
                "ipv6_address": "",
                "outpost_id": "",
                "private_ipv4_address": "",
                "subnet_id": "subnet-0a65ed10308e374f8"
              }
            ],
            "subnets": [
              "subnet-041b76f7982de9961",
              "subnet-0a65ed10308e374f8"
            ],
            "tags": {
              "Environment": "dev",
              "ManagedBy": "terraform",
              "Name": "hantt-main-vpc-nlb"
            },
            "tags_all": {
              "Environment": "dev",
              "ManagedBy": "terraform",
              "Name": "hantt-main-vpc-nlb"
            },
            "timeouts": null,
            "vpc_id": "vpc-040d8a184db39e4d1",
            "xff_header_processing_mode": null,
            "zone_id": "Z01392953RKV2Q3RBP0KU"
          },
          "sensitive_attributes": [],
          "identity_schema_version": 0,
          "private": "eyJlMmJmYjczMC1lY2FhLTExZTYtOGY4OC0zNDM2M2JjN2M0YzAiOnsiY3JlYXRlIjo2MDAwMDAwMDAwMDAsImRlbGV0ZSI6NjAwMDAwMDAwMDAwLCJ1cGRhdGUiOjYwMDAwMDAwMDAwMH19",
          "dependencies": [
            "aws_security_group.nlb",
            "aws_subnet.public_a",
            "aws_subnet.public_b",
            "aws_vpc.main",
            "data.aws_availability_zones.available"
          ]
        }
      ]
    },
    {
      "mode": "managed",
      "type": "aws_lb_listener",
      "name": "https",
      "provider": "provider[\"registry.terraform.io/hashicorp/aws\"]",
      "instances": [
        {
          "schema_version": 0,
          "attributes": {
            "alpn_policy": null,
            "arn": "arn:aws:elasticloadbalancing:ap-southeast-6:996992102979:listener/net/hantt-main-vpc-nlb/e4bc246b4bbb994b/491cf40b7d1bc41e",
            "certificate_arn": null,
            "default_action": [
              {
                "authenticate_cognito": [],
                "authenticate_oidc": [],
                "fixed_response": [],
                "forward": [],
                "order": 1,
                "redirect": [],
                "target_group_arn": "arn:aws:elasticloadbalancing:ap-southeast-6:996992102979:targetgroup/hantt-main-vpc-tg-443/28a8aefbfdd1e15a",
                "type": "forward"
              }
            ],
            "id": "arn:aws:elasticloadbalancing:ap-southeast-6:996992102979:listener/net/hantt-main-vpc-nlb/e4bc246b4bbb994b/491cf40b7d1bc41e",
            "load_balancer_arn": "arn:aws:elasticloadbalancing:ap-southeast-6:996992102979:loadbalancer/net/hantt-main-vpc-nlb/e4bc246b4bbb994b",
            "mutual_authentication": [],
            "port": 443,
            "protocol": "TCP",
            "routing_http_request_x_amzn_mtls_clientcert_header_name": null,
            "routing_http_request_x_amzn_mtls_clientcert_issuer_header_name": null,
            "routing_http_request_x_amzn_mtls_clientcert_leaf_header_name": null,
            "routing_http_request_x_amzn_mtls_clientcert_serial_number_header_name": null,
            "routing_http_request_x_amzn_mtls_clientcert_subject_header_name": null,
            "routing_http_request_x_amzn_mtls_clientcert_validity_header_name": null,
            "routing_http_request_x_amzn_tls_cipher_suite_header_name": null,
            "routing_http_request_x_amzn_tls_version_header_name": null,
            "routing_http_response_access_control_allow_credentials_header_value": null,
            "routing_http_response_access_control_allow_headers_header_value": null,
            "routing_http_response_access_control_allow_methods_header_value": null,
            "routing_http_response_access_control_allow_origin_header_value": null,
            "routing_http_response_access_control_expose_headers_header_value": null,
            "routing_http_response_access_control_max_age_header_value": null,
            "routing_http_response_content_security_policy_header_value": null,
            "routing_http_response_server_enabled": null,
            "routing_http_response_strict_transport_security_header_value": null,
            "routing_http_response_x_content_type_options_header_value": null,
            "routing_http_response_x_frame_options_header_value": null,
            "ssl_policy": "",
            "tags": null,
            "tags_all": {},
            "tcp_idle_timeout_seconds": 350,
            "timeouts": null
          },
          "sensitive_attributes": [],
          "identity_schema_version": 0,
          "private": "eyJlMmJmYjczMC1lY2FhLTExZTYtOGY4OC0zNDM2M2JjN2M0YzAiOnsiY3JlYXRlIjozMDAwMDAwMDAwMDAsInVwZGF0ZSI6MzAwMDAwMDAwMDAwfX0=",
          "dependencies": [
            "aws_lb.main",
            "aws_lb_target_group.https",
            "aws_security_group.nlb",
            "aws_subnet.public_a",
            "aws_subnet.public_b",
            "aws_vpc.main",
            "data.aws_availability_zones.available"
          ]
        }
      ]
    },
    {
      "mode": "managed",
      "type": "aws_lb_target_group",
      "name": "https",
      "provider": "provider[\"registry.terraform.io/hashicorp/aws\"]",
      "instances": [
        {
          "schema_version": 0,
          "attributes": {
            "arn": "arn:aws:elasticloadbalancing:ap-southeast-6:996992102979:targetgroup/hantt-main-vpc-tg-443/28a8aefbfdd1e15a",
            "arn_suffix": "targetgroup/hantt-main-vpc-tg-443/28a8aefbfdd1e15a",
            "connection_termination": false,
            "deregistration_delay": "300",
            "health_check": [
              {
                "enabled": true,
                "healthy_threshold": 2,
                "interval": 10,
                "matcher": "",
                "path": "",
                "port": "443",
                "protocol": "TCP",
                "timeout": 10,
                "unhealthy_threshold": 2
              }
            ],
            "id": "arn:aws:elasticloadbalancing:ap-southeast-6:996992102979:targetgroup/hantt-main-vpc-tg-443/28a8aefbfdd1e15a",
            "ip_address_type": "ipv4",
            "lambda_multi_value_headers_enabled": false,
            "load_balancer_arns": [],
            "load_balancing_algorithm_type": null,
            "load_balancing_anomaly_mitigation": null,
            "load_balancing_cross_zone_enabled": "use_load_balancer_configuration",
            "name": "hantt-main-vpc-tg-443",
            "name_prefix": "",
            "port": 443,
            "preserve_client_ip": "true",
            "protocol": "TCP",
            "protocol_version": null,
            "proxy_protocol_v2": false,
            "slow_start": 0,
            "stickiness": [
              {
                "cookie_duration": 0,
                "cookie_name": "",
                "enabled": false,
                "type": "source_ip"
              }
            ],
            "tags": {
              "Environment": "dev",
              "ManagedBy": "terraform",
              "Name": "hantt-main-vpc-tg-443"
            },
            "tags_all": {
              "Environment": "dev",
              "ManagedBy": "terraform",
              "Name": "hantt-main-vpc-tg-443"
            },
            "target_failover": [
              {
                "on_deregistration": null,
                "on_unhealthy": null
              }
            ],
            "target_group_health": [
              {
                "dns_failover": [
                  {
                    "minimum_healthy_targets_count": "1",
                    "minimum_healthy_targets_percentage": "off"
                  }
                ],
                "unhealthy_state_routing": [
                  {
                    "minimum_healthy_targets_count": 1,
                    "minimum_healthy_targets_percentage": "off"
                  }
                ]
              }
            ],
            "target_health_state": [
              {
                "enable_unhealthy_connection_termination": true,
                "unhealthy_draining_interval": 0
              }
            ],
            "target_type": "instance",
            "vpc_id": "vpc-040d8a184db39e4d1"
          },
          "sensitive_attributes": [],
          "identity_schema_version": 0,
          "private": "bnVsbA==",
          "dependencies": [
            "aws_vpc.main"
          ]
        }
      ]
    },
    {
      "mode": "managed",
      "type": "aws_route_table",
      "name": "private",
      "provider": "provider[\"registry.terraform.io/hashicorp/aws\"]",
      "instances": [
        {
          "schema_version": 0,
          "attributes": {
            "arn": "arn:aws:ec2:ap-southeast-6:996992102979:route-table/rtb-0d97933909218d8ed",
            "id": "rtb-0d97933909218d8ed",
            "owner_id": "996992102979",
            "propagating_vgws": [],
            "route": [],
            "tags": {
              "Environment": "dev",
              "ManagedBy": "terraform",
              "Name": "hantt-main-vpc-private-rt"
            },
            "tags_all": {
              "Environment": "dev",
              "ManagedBy": "terraform",
              "Name": "hantt-main-vpc-private-rt"
            },
            "timeouts": null,
            "vpc_id": "vpc-040d8a184db39e4d1"
          },
          "sensitive_attributes": [],
          "identity_schema_version": 0,
          "private": "eyJlMmJmYjczMC1lY2FhLTExZTYtOGY4OC0zNDM2M2JjN2M0YzAiOnsiY3JlYXRlIjozMDAwMDAwMDAwMDAsImRlbGV0ZSI6MzAwMDAwMDAwMDAwLCJ1cGRhdGUiOjEyMDAwMDAwMDAwMH19",
          "dependencies": [
            "aws_vpc.main"
          ]
        }
      ]
    },
    {
      "mode": "managed",
      "type": "aws_route_table",
      "name": "public",
      "provider": "provider[\"registry.terraform.io/hashicorp/aws\"]",
      "instances": [
        {
          "schema_version": 0,
          "attributes": {
            "arn": "arn:aws:ec2:ap-southeast-6:996992102979:route-table/rtb-04cd66c3fd45c1e8b",
            "id": "rtb-04cd66c3fd45c1e8b",
            "owner_id": "996992102979",
            "propagating_vgws": [],
            "route": [
              {
                "carrier_gateway_id": "",
                "cidr_block": "0.0.0.0/0",
                "core_network_arn": "",
                "destination_prefix_list_id": "",
                "egress_only_gateway_id": "",
                "gateway_id": "igw-0e51d32e3c9067f6b",
                "ipv6_cidr_block": "",
                "local_gateway_id": "",
                "nat_gateway_id": "",
                "network_interface_id": "",
                "transit_gateway_id": "",
                "vpc_endpoint_id": "",
                "vpc_peering_connection_id": ""
              }
            ],
            "tags": {
              "Environment": "dev",
              "ManagedBy": "terraform",
              "Name": "hantt-main-vpc-public-rt"
            },
            "tags_all": {
              "Environment": "dev",
              "ManagedBy": "terraform",
              "Name": "hantt-main-vpc-public-rt"
            },
            "timeouts": null,
            "vpc_id": "vpc-040d8a184db39e4d1"
          },
          "sensitive_attributes": [],
          "identity_schema_version": 0,
          "private": "eyJlMmJmYjczMC1lY2FhLTExZTYtOGY4OC0zNDM2M2JjN2M0YzAiOnsiY3JlYXRlIjozMDAwMDAwMDAwMDAsImRlbGV0ZSI6MzAwMDAwMDAwMDAwLCJ1cGRhdGUiOjEyMDAwMDAwMDAwMH19",
          "dependencies": [
            "aws_internet_gateway.main",
            "aws_vpc.main"
          ]
        }
      ]
    },
    {
      "mode": "managed",
      "type": "aws_route_table_association",
      "name": "private_a",
      "provider": "provider[\"registry.terraform.io/hashicorp/aws\"]",
      "instances": [
        {
          "schema_version": 0,
          "attributes": {
            "gateway_id": "",
            "id": "rtbassoc-0c7aed240a92a2873",
            "route_table_id": "rtb-0d97933909218d8ed",
            "subnet_id": "subnet-01b3a3038cb251ca9",
            "timeouts": null
          },
          "sensitive_attributes": [],
          "identity_schema_version": 0,
          "private": "eyJlMmJmYjczMC1lY2FhLTExZTYtOGY4OC0zNDM2M2JjN2M0YzAiOnsiY3JlYXRlIjozMDAwMDAwMDAwMDAsImRlbGV0ZSI6MzAwMDAwMDAwMDAwLCJ1cGRhdGUiOjEyMDAwMDAwMDAwMH19",
          "dependencies": [
            "aws_route_table.private",
            "aws_subnet.private_a",
            "aws_vpc.main",
            "data.aws_availability_zones.available"
          ]
        }
      ]
    },
    {
      "mode": "managed",
      "type": "aws_route_table_association",
      "name": "private_b",
      "provider": "provider[\"registry.terraform.io/hashicorp/aws\"]",
      "instances": [
        {
          "schema_version": 0,
          "attributes": {
            "gateway_id": "",
            "id": "rtbassoc-0b53ce2740f723e0e",
            "route_table_id": "rtb-0d97933909218d8ed",
            "subnet_id": "subnet-08b6beb8f7dc1fae0",
            "timeouts": null
          },
          "sensitive_attributes": [],
          "identity_schema_version": 0,
          "private": "eyJlMmJmYjczMC1lY2FhLTExZTYtOGY4OC0zNDM2M2JjN2M0YzAiOnsiY3JlYXRlIjozMDAwMDAwMDAwMDAsImRlbGV0ZSI6MzAwMDAwMDAwMDAwLCJ1cGRhdGUiOjEyMDAwMDAwMDAwMH19",
          "dependencies": [
            "aws_route_table.private",
            "aws_subnet.private_b",
            "aws_vpc.main",
            "data.aws_availability_zones.available"
          ]
        }
      ]
    },
    {
      "mode": "managed",
      "type": "aws_route_table_association",
      "name": "public_a",
      "provider": "provider[\"registry.terraform.io/hashicorp/aws\"]",
      "instances": [
        {
          "schema_version": 0,
          "attributes": {
            "gateway_id": "",
            "id": "rtbassoc-06372c930ef185946",
            "route_table_id": "rtb-04cd66c3fd45c1e8b",
            "subnet_id": "subnet-0a65ed10308e374f8",
            "timeouts": null
          },
          "sensitive_attributes": [],
          "identity_schema_version": 0,
          "private": "eyJlMmJmYjczMC1lY2FhLTExZTYtOGY4OC0zNDM2M2JjN2M0YzAiOnsiY3JlYXRlIjozMDAwMDAwMDAwMDAsImRlbGV0ZSI6MzAwMDAwMDAwMDAwLCJ1cGRhdGUiOjEyMDAwMDAwMDAwMH19",
          "dependencies": [
            "aws_internet_gateway.main",
            "aws_route_table.public",
            "aws_subnet.public_a",
            "aws_vpc.main",
            "data.aws_availability_zones.available"
          ]
        }
      ]
    },
    {
      "mode": "managed",
      "type": "aws_route_table_association",
      "name": "public_b",
      "provider": "provider[\"registry.terraform.io/hashicorp/aws\"]",
      "instances": [
        {
          "schema_version": 0,
          "attributes": {
            "gateway_id": "",
            "id": "rtbassoc-0d3d1eae1816a0aa2",
            "route_table_id": "rtb-04cd66c3fd45c1e8b",
            "subnet_id": "subnet-041b76f7982de9961",
            "timeouts": null
          },
          "sensitive_attributes": [],
          "identity_schema_version": 0,
          "private": "eyJlMmJmYjczMC1lY2FhLTExZTYtOGY4OC0zNDM2M2JjN2M0YzAiOnsiY3JlYXRlIjozMDAwMDAwMDAwMDAsImRlbGV0ZSI6MzAwMDAwMDAwMDAwLCJ1cGRhdGUiOjEyMDAwMDAwMDAwMH19",
          "dependencies": [
            "aws_internet_gateway.main",
            "aws_route_table.public",
            "aws_subnet.public_b",
            "aws_vpc.main",
            "data.aws_availability_zones.available"
          ]
        }
      ]
    },
    {
      "mode": "managed",
      "type": "aws_security_group",
      "name": "nlb",
      "provider": "provider[\"registry.terraform.io/hashicorp/aws\"]",
      "instances": [
        {
          "schema_version": 1,
          "attributes": {
            "arn": "arn:aws:ec2:ap-southeast-6:996992102979:security-group/sg-0210d7c42b1d4a7eb",
            "description": "NLB - allow HTTPS from internet",
            "egress": [
              {
                "cidr_blocks": [
                  "0.0.0.0/0"
                ],
                "description": "All outbound",
                "from_port": 0,
                "ipv6_cidr_blocks": [],
                "prefix_list_ids": [],
                "protocol": "-1",
                "security_groups": [],
                "self": false,
                "to_port": 0
              }
            ],
            "id": "sg-0210d7c42b1d4a7eb",
            "ingress": [
              {
                "cidr_blocks": [
                  "0.0.0.0/0"
                ],
                "description": "HTTPS from internet",
                "from_port": 443,
                "ipv6_cidr_blocks": [],
                "prefix_list_ids": [],
                "protocol": "tcp",
                "security_groups": [],
                "self": false,
                "to_port": 443
              }
            ],
            "name": "hantt-main-vpc-nlb-sg",
            "name_prefix": "",
            "owner_id": "996992102979",
            "revoke_rules_on_delete": false,
            "tags": {
              "Environment": "dev",
              "ManagedBy": "terraform",
              "Name": "hantt-main-vpc-nlb-sg"
            },
            "tags_all": {
              "Environment": "dev",
              "ManagedBy": "terraform",
              "Name": "hantt-main-vpc-nlb-sg"
            },
            "timeouts": null,
            "vpc_id": "vpc-040d8a184db39e4d1"
          },
          "sensitive_attributes": [],
          "identity_schema_version": 0,
          "private": "eyJlMmJmYjczMC1lY2FhLTExZTYtOGY4OC0zNDM2M2JjN2M0YzAiOnsiY3JlYXRlIjo2MDAwMDAwMDAwMDAsImRlbGV0ZSI6OTAwMDAwMDAwMDAwfSwic2NoZW1hX3ZlcnNpb24iOiIxIn0=",
          "dependencies": [
            "aws_vpc.main"
          ],
          "create_before_destroy": true
        }
      ]
    },
    {
      "mode": "managed",
      "type": "aws_security_group",
      "name": "private_vm",
      "provider": "provider[\"registry.terraform.io/hashicorp/aws\"]",
      "instances": [
        {
          "schema_version": 1,
          "attributes": {
            "arn": "arn:aws:ec2:ap-southeast-6:996992102979:security-group/sg-0b88adbdbb3010a64",
            "description": "Private VMs - HTTPS only from NLB security group, SSH from VPC",
            "egress": [
              {
                "cidr_blocks": [
                  "0.0.0.0/0"
                ],
                "description": "All outbound",
                "from_port": 0,
                "ipv6_cidr_blocks": [],
                "prefix_list_ids": [],
                "protocol": "-1",
                "security_groups": [],
                "self": false,
                "to_port": 0
              }
            ],
            "id": "sg-0b88adbdbb3010a64",
            "ingress": [
              {
                "cidr_blocks": [
                  "10.0.0.0/16"
                ],
                "description": "SSH within VPC",
                "from_port": 22,
                "ipv6_cidr_blocks": [],
                "prefix_list_ids": [],
                "protocol": "tcp",
                "security_groups": [],
                "self": false,
                "to_port": 22
              },
              {
                "cidr_blocks": [],
                "description": "HTTPS from NLB only",
                "from_port": 443,
                "ipv6_cidr_blocks": [],
                "prefix_list_ids": [],
                "protocol": "tcp",
                "security_groups": [
                  "sg-0210d7c42b1d4a7eb"
                ],
                "self": false,
                "to_port": 443
              }
            ],
            "name": "hantt-main-vpc-private-vm-sg",
            "name_prefix": "",
            "owner_id": "996992102979",
            "revoke_rules_on_delete": false,
            "tags": {
              "Environment": "dev",
              "ManagedBy": "terraform",
              "Name": "hantt-main-vpc-private-vm-sg"
            },
            "tags_all": {
              "Environment": "dev",
              "ManagedBy": "terraform",
              "Name": "hantt-main-vpc-private-vm-sg"
            },
            "timeouts": null,
            "vpc_id": "vpc-040d8a184db39e4d1"
          },
          "sensitive_attributes": [],
          "identity_schema_version": 0,
          "private": "eyJlMmJmYjczMC1lY2FhLTExZTYtOGY4OC0zNDM2M2JjN2M0YzAiOnsiY3JlYXRlIjo2MDAwMDAwMDAwMDAsImRlbGV0ZSI6OTAwMDAwMDAwMDAwfSwic2NoZW1hX3ZlcnNpb24iOiIxIn0=",
          "dependencies": [
            "aws_security_group.nlb",
            "aws_vpc.main"
          ],
          "create_before_destroy": true
        }
      ]
    },
    {
      "mode": "managed",
      "type": "aws_subnet",
      "name": "private_a",
      "provider": "provider[\"registry.terraform.io/hashicorp/aws\"]",
      "instances": [
        {
          "schema_version": 1,
          "attributes": {
            "arn": "arn:aws:ec2:ap-southeast-6:996992102979:subnet/subnet-01b3a3038cb251ca9",
            "assign_ipv6_address_on_creation": false,
            "availability_zone": "ap-southeast-6a",
            "availability_zone_id": "apse6-az1",
            "cidr_block": "10.0.3.0/24",
            "customer_owned_ipv4_pool": "",
            "enable_dns64": false,
            "enable_lni_at_device_index": 0,
            "enable_resource_name_dns_a_record_on_launch": false,
            "enable_resource_name_dns_aaaa_record_on_launch": false,
            "id": "subnet-01b3a3038cb251ca9",
            "ipv6_cidr_block": "",
            "ipv6_cidr_block_association_id": "",
            "ipv6_native": false,
            "map_customer_owned_ip_on_launch": false,
            "map_public_ip_on_launch": false,
            "outpost_arn": "",
            "owner_id": "996992102979",
            "private_dns_hostname_type_on_launch": "ip-name",
            "tags": {
              "Environment": "dev",
              "ManagedBy": "terraform",
              "Name": "hantt-main-vpc-private-a"
            },
            "tags_all": {
              "Environment": "dev",
              "ManagedBy": "terraform",
              "Name": "hantt-main-vpc-private-a"
            },
            "timeouts": null,
            "vpc_id": "vpc-040d8a184db39e4d1"
          },
          "sensitive_attributes": [],
          "identity_schema_version": 0,
          "private": "eyJlMmJmYjczMC1lY2FhLTExZTYtOGY4OC0zNDM2M2JjN2M0YzAiOnsiY3JlYXRlIjo2MDAwMDAwMDAwMDAsImRlbGV0ZSI6MTIwMDAwMDAwMDAwMH0sInNjaGVtYV92ZXJzaW9uIjoiMSJ9",
          "dependencies": [
            "aws_vpc.main",
            "data.aws_availability_zones.available"
          ]
        }
      ]
    },
    {
      "mode": "managed",
      "type": "aws_subnet",
      "name": "private_b",
      "provider": "provider[\"registry.terraform.io/hashicorp/aws\"]",
      "instances": [
        {
          "schema_version": 1,
          "attributes": {
            "arn": "arn:aws:ec2:ap-southeast-6:996992102979:subnet/subnet-08b6beb8f7dc1fae0",
            "assign_ipv6_address_on_creation": false,
            "availability_zone": "ap-southeast-6b",
            "availability_zone_id": "apse6-az2",
            "cidr_block": "10.0.4.0/24",
            "customer_owned_ipv4_pool": "",
            "enable_dns64": false,
            "enable_lni_at_device_index": 0,
            "enable_resource_name_dns_a_record_on_launch": false,
            "enable_resource_name_dns_aaaa_record_on_launch": false,
            "id": "subnet-08b6beb8f7dc1fae0",
            "ipv6_cidr_block": "",
            "ipv6_cidr_block_association_id": "",
            "ipv6_native": false,
            "map_customer_owned_ip_on_launch": false,
            "map_public_ip_on_launch": false,
            "outpost_arn": "",
            "owner_id": "996992102979",
            "private_dns_hostname_type_on_launch": "ip-name",
            "tags": {
              "Environment": "dev",
              "ManagedBy": "terraform",
              "Name": "hantt-main-vpc-private-b"
            },
            "tags_all": {
              "Environment": "dev",
              "ManagedBy": "terraform",
              "Name": "hantt-main-vpc-private-b"
            },
            "timeouts": null,
            "vpc_id": "vpc-040d8a184db39e4d1"
          },
          "sensitive_attributes": [],
          "identity_schema_version": 0,
          "private": "eyJlMmJmYjczMC1lY2FhLTExZTYtOGY4OC0zNDM2M2JjN2M0YzAiOnsiY3JlYXRlIjo2MDAwMDAwMDAwMDAsImRlbGV0ZSI6MTIwMDAwMDAwMDAwMH0sInNjaGVtYV92ZXJzaW9uIjoiMSJ9",
          "dependencies": [
            "aws_vpc.main",
            "data.aws_availability_zones.available"
          ]
        }
      ]
    },
    {
      "mode": "managed",
      "type": "aws_subnet",
      "name": "public_a",
      "provider": "provider[\"registry.terraform.io/hashicorp/aws\"]",
      "instances": [
        {
          "schema_version": 1,
          "attributes": {
            "arn": "arn:aws:ec2:ap-southeast-6:996992102979:subnet/subnet-0a65ed10308e374f8",
            "assign_ipv6_address_on_creation": false,
            "availability_zone": "ap-southeast-6a",
            "availability_zone_id": "apse6-az1",
            "cidr_block": "10.0.1.0/24",
            "customer_owned_ipv4_pool": "",
            "enable_dns64": false,
            "enable_lni_at_device_index": 0,
            "enable_resource_name_dns_a_record_on_launch": false,
            "enable_resource_name_dns_aaaa_record_on_launch": false,
            "id": "subnet-0a65ed10308e374f8",
            "ipv6_cidr_block": "",
            "ipv6_cidr_block_association_id": "",
            "ipv6_native": false,
            "map_customer_owned_ip_on_launch": false,
            "map_public_ip_on_launch": true,
            "outpost_arn": "",
            "owner_id": "996992102979",
            "private_dns_hostname_type_on_launch": "ip-name",
            "tags": {
              "Environment": "dev",
              "ManagedBy": "terraform",
              "Name": "hantt-main-vpc-public-a"
            },
            "tags_all": {
              "Environment": "dev",
              "ManagedBy": "terraform",
              "Name": "hantt-main-vpc-public-a"
            },
            "timeouts": null,
            "vpc_id": "vpc-040d8a184db39e4d1"
          },
          "sensitive_attributes": [],
          "identity_schema_version": 0,
          "private": "eyJlMmJmYjczMC1lY2FhLTExZTYtOGY4OC0zNDM2M2JjN2M0YzAiOnsiY3JlYXRlIjo2MDAwMDAwMDAwMDAsImRlbGV0ZSI6MTIwMDAwMDAwMDAwMH0sInNjaGVtYV92ZXJzaW9uIjoiMSJ9",
          "dependencies": [
            "aws_vpc.main",
            "data.aws_availability_zones.available"
          ]
        }
      ]
    },
    {
      "mode": "managed",
      "type": "aws_subnet",
      "name": "public_b",
      "provider": "provider[\"registry.terraform.io/hashicorp/aws\"]",
      "instances": [
        {
          "schema_version": 1,
          "attributes": {
            "arn": "arn:aws:ec2:ap-southeast-6:996992102979:subnet/subnet-041b76f7982de9961",
            "assign_ipv6_address_on_creation": false,
            "availability_zone": "ap-southeast-6b",
            "availability_zone_id": "apse6-az2",
            "cidr_block": "10.0.2.0/24",
            "customer_owned_ipv4_pool": "",
            "enable_dns64": false,
            "enable_lni_at_device_index": 0,
            "enable_resource_name_dns_a_record_on_launch": false,
            "enable_resource_name_dns_aaaa_record_on_launch": false,
            "id": "subnet-041b76f7982de9961",
            "ipv6_cidr_block": "",
            "ipv6_cidr_block_association_id": "",
            "ipv6_native": false,
            "map_customer_owned_ip_on_launch": false,
            "map_public_ip_on_launch": true,
            "outpost_arn": "",
            "owner_id": "996992102979",
            "private_dns_hostname_type_on_launch": "ip-name",
            "tags": {
              "Environment": "dev",
              "ManagedBy": "terraform",
              "Name": "hantt-main-vpc-public-b"
            },
            "tags_all": {
              "Environment": "dev",
              "ManagedBy": "terraform",
              "Name": "hantt-main-vpc-public-b"
            },
            "timeouts": null,
            "vpc_id": "vpc-040d8a184db39e4d1"
          },
          "sensitive_attributes": [],
          "identity_schema_version": 0,
          "private": "eyJlMmJmYjczMC1lY2FhLTExZTYtOGY4OC0zNDM2M2JjN2M0YzAiOnsiY3JlYXRlIjo2MDAwMDAwMDAwMDAsImRlbGV0ZSI6MTIwMDAwMDAwMDAwMH0sInNjaGVtYV92ZXJzaW9uIjoiMSJ9",
          "dependencies": [
            "aws_vpc.main",
            "data.aws_availability_zones.available"
          ]
        }
      ]
    },
    {
      "mode": "managed",
      "type": "aws_vpc",
      "name": "main",
      "provider": "provider[\"registry.terraform.io/hashicorp/aws\"]",
      "instances": [
        {
          "schema_version": 1,
          "attributes": {
            "arn": "arn:aws:ec2:ap-southeast-6:996992102979:vpc/vpc-040d8a184db39e4d1",
            "assign_generated_ipv6_cidr_block": false,
            "cidr_block": "10.0.0.0/16",
            "default_network_acl_id": "acl-0e8109a846ded53ff",
            "default_route_table_id": "rtb-06e5aef05572d5082",
            "default_security_group_id": "sg-03faf0d2cb8390650",
            "dhcp_options_id": "dopt-0384145b881898dea",
            "enable_dns_hostnames": true,
            "enable_dns_support": true,
            "enable_network_address_usage_metrics": false,
            "id": "vpc-040d8a184db39e4d1",
            "instance_tenancy": "default",
            "ipv4_ipam_pool_id": null,
            "ipv4_netmask_length": null,
            "ipv6_association_id": "",
            "ipv6_cidr_block": "",
            "ipv6_cidr_block_network_border_group": "",
            "ipv6_ipam_pool_id": "",
            "ipv6_netmask_length": 0,
            "main_route_table_id": "rtb-06e5aef05572d5082",
            "owner_id": "996992102979",
            "tags": {
              "Environment": "dev",
              "ManagedBy": "terraform",
              "Name": "hantt-main-vpc"
            },
            "tags_all": {
              "Environment": "dev",
              "ManagedBy": "terraform",
              "Name": "hantt-main-vpc"
            }
          },
          "sensitive_attributes": [],
          "identity_schema_version": 0,
          "private": "eyJzY2hlbWFfdmVyc2lvbiI6IjEifQ==",
          "create_before_destroy": true
        }
      ]
    }
  ],
  "check_results": null
}
